
Microsoft Visual Studio Solution File, Format Version 12.00
# Visual Studio 14
VisualStudioVersion = 14.0.23107.0
MinimumVisualStudioVersion = 10.0.40219.1
Project("{FAE04EC0-301F-11D3-BF4B-00C04F79EFBC}") = "smartSprite", "smartSprite\smartSprite.csproj", "{82D4D166-D3DD-4D8E-B88C-1DDFB7C89FCD}"
EndProject
Global
	GlobalSection(SolutionConfigurationPlatforms) = preSolution
		Debug|Any CPU = Debug|Any CPU
		Release|Any CPU = Release|Any CPU
	EndGlobalSection
	GlobalSection(ProjectConfigurationPlatforms) = postSolution
		{82D4D166-D3DD-4D8E-B88C-1DDFB7C89FCD}.Debug|Any CPU.ActiveCfg = Debug|Any CPU
		{82D4D166-D3DD-4D8E-B88C-1DDFB7C89FCD}.Debug|Any CPU.Build.0 = Debug|Any CPU
		{82D4D166-D3DD-4D8E-B88C-1DDFB7C89FCD}.Release|Any CPU.ActiveCfg = Release|Any CPU
		{82D4D166-D3DD-4D8E-B88C-1DDFB7C89FCD}.Release|Any CPU.Build.0 = Release|Any CPU
	EndGlobalSection
	GlobalSection(SolutionProperties) = preSolution
		HideSolutionNode = FALSE
	EndGlobalSection
EndGlobal
